// !$*UTF8*$!
{
	archiveVersion = 1;
	classes = {
	};
	objectVersion = 56;
	objects = {

/* Begin PBXBuildFile section */
		C4ABE2E12B5068A200285DB8 /* ChoreListView.swift in Sources */ = {isa = PBXBuildFile; fileRef = C4ABE2E02B5068A200285DB8 /* ChoreListView.swift */; };
		C4ABE2E42B5069FA00285DB8 /* StaffView.swift in Sources */ = {isa = PBXBuildFile; fileRef = C4ABE2E32B5069FA00285DB8 /* StaffView.swift */; };
		C4ABE2E72B506B0E00285DB8 /* Staff.swift in Sources */ = {isa = PBXBuildFile; fileRef = C4ABE2E62B506B0E00285DB8 /* Staff.swift */; };
		C4C0D36B2B4C839900C4FB7B /* ProfileView.swift in Sources */ = {isa = PBXBuildFile; fileRef = C4C0D36A2B4C839900C4FB7B /* ProfileView.swift */; };
		C4C0D36D2B4C84DB00C4FB7B /* ChoreListItemView.swift in Sources */ = {isa = PBXBuildFile; fileRef = C4C0D36C2B4C84DA00C4FB7B /* ChoreListItemView.swift */; };
		C4C0D36F2B4C856C00C4FB7B /* ChoreListItem.swift in Sources */ = {isa = PBXBuildFile; fileRef = C4C0D36E2B4C856C00C4FB7B /* ChoreListItem.swift */; };
		C4C0D3712B4C85B600C4FB7B /* DateView.swift in Sources */ = {isa = PBXBuildFile; fileRef = C4C0D3702B4C85B600C4FB7B /* DateView.swift */; };
		C4C0D3742B4C891400C4FB7B /* Chore.swift in Sources */ = {isa = PBXBuildFile; fileRef = C4C0D3732B4C891400C4FB7B /* Chore.swift */; };
		C4C0D3762B4C896D00C4FB7B /* ChoreItem.swift in Sources */ = {isa = PBXBuildFile; fileRef = C4C0D3752B4C896D00C4FB7B /* ChoreItem.swift */; };
		C4E641612B48690C00A3B18B /* TsanyelaApp.swift in Sources */ = {isa = PBXBuildFile; fileRef = C4E641602B48690C00A3B18B /* TsanyelaApp.swift */; };
		C4E641632B48690C00A3B18B /* ContentView.swift in Sources */ = {isa = PBXBuildFile; fileRef = C4E641622B48690C00A3B18B /* ContentView.swift */; };
		C4E641652B48690E00A3B18B /* Assets.xcassets in Resources */ = {isa = PBXBuildFile; fileRef = C4E641642B48690E00A3B18B /* Assets.xcassets */; };
		C4E641682B48690E00A3B18B /* Preview Assets.xcassets in Resources */ = {isa = PBXBuildFile; fileRef = C4E641672B48690E00A3B18B /* Preview Assets.xcassets */; };
		C4E641722B48690E00A3B18B /* TsanyelaTests.swift in Sources */ = {isa = PBXBuildFile; fileRef = C4E641712B48690E00A3B18B /* TsanyelaTests.swift */; };
		C4E6417C2B48690E00A3B18B /* TsanyelaUITests.swift in Sources */ = {isa = PBXBuildFile; fileRef = C4E6417B2B48690E00A3B18B /* TsanyelaUITests.swift */; };
		C4E6417E2B48690E00A3B18B /* TsanyelaUITestsLaunchTests.swift in Sources */ = {isa = PBXBuildFile; fileRef = C4E6417D2B48690E00A3B18B /* TsanyelaUITestsLaunchTests.swift */; };
		C4E6418E2B486C7400A3B18B /* NavigationMenu.swift in Sources */ = {isa = PBXBuildFile; fileRef = C4E6418D2B486C7400A3B18B /* NavigationMenu.swift */; };
/* End PBXBuildFile section */

/* Begin PBXContainerItemProxy section */
		C4E6416E2B48690E00A3B18B /* PBXContainerItemProxy */ = {
			isa = PBXContainerItemProxy;
			containerPortal = C4E641552B48690C00A3B18B /* Project object */;
			proxyType = 1;
			remoteGlobalIDString = C4E6415C2B48690C00A3B18B;
			remoteInfo = Tsanyela;
		};
		C4E641782B48690E00A3B18B /* PBXContainerItemProxy */ = {
			isa = PBXContainerItemProxy;
			containerPortal = C4E641552B48690C00A3B18B /* Project object */;
			proxyType = 1;
			remoteGlobalIDString = C4E6415C2B48690C00A3B18B;
			remoteInfo = Tsanyela;
		};
/* End PBXContainerItemProxy section */

/* Begin PBXFileReference section */
		C4ABE2E02B5068A200285DB8 /* ChoreListView.swift */ = {isa = PBXFileReference; lastKnownFileType = sourcecode.swift; path = ChoreListView.swift; sourceTree = "<group>"; };
		C4ABE2E32B5069FA00285DB8 /* StaffView.swift */ = {isa = PBXFileReference; lastKnownFileType = sourcecode.swift; path = StaffView.swift; sourceTree = "<group>"; };
		C4ABE2E62B506B0E00285DB8 /* Staff.swift */ = {isa = PBXFileReference; lastKnownFileType = sourcecode.swift; path = Staff.swift; sourceTree = "<group>"; };
		C4C0D36A2B4C839900C4FB7B /* ProfileView.swift */ = {isa = PBXFileReference; lastKnownFileType = sourcecode.swift; path = ProfileView.swift; sourceTree = "<group>"; };
		C4C0D36C2B4C84DA00C4FB7B /* ChoreListItemView.swift */ = {isa = PBXFileReference; lastKnownFileType = sourcecode.swift; path = ChoreListItemView.swift; sourceTree = "<group>"; };
		C4C0D36E2B4C856C00C4FB7B /* ChoreListItem.swift */ = {isa = PBXFileReference; lastKnownFileType = sourcecode.swift; path = ChoreListItem.swift; sourceTree = "<group>"; };
		C4C0D3702B4C85B600C4FB7B /* DateView.swift */ = {isa = PBXFileReference; lastKnownFileType = sourcecode.swift; path = DateView.swift; sourceTree = "<group>"; };
		C4C0D3732B4C891400C4FB7B /* Chore.swift */ = {isa = PBXFileReference; lastKnownFileType = sourcecode.swift; path = Chore.swift; sourceTree = "<group>"; };
		C4C0D3752B4C896D00C4FB7B /* ChoreItem.swift */ = {isa = PBXFileReference; lastKnownFileType = sourcecode.swift; path = ChoreItem.swift; sourceTree = "<group>"; };
		C4E6415D2B48690C00A3B18B /* Tsanyela.app */ = {isa = PBXFileReference; explicitFileType = wrapper.application; includeInIndex = 0; path = Tsanyela.app; sourceTree = BUILT_PRODUCTS_DIR; };
		C4E641602B48690C00A3B18B /* TsanyelaApp.swift */ = {isa = PBXFileReference; lastKnownFileType = sourcecode.swift; path = TsanyelaApp.swift; sourceTree = "<group>"; };
		C4E641622B48690C00A3B18B /* ContentView.swift */ = {isa = PBXFileReference; lastKnownFileType = sourcecode.swift; path = ContentView.swift; sourceTree = "<group>"; };
		C4E641642B48690E00A3B18B /* Assets.xcassets */ = {isa = PBXFileReference; lastKnownFileType = folder.assetcatalog; path = Assets.xcassets; sourceTree = "<group>"; };
		C4E641672B48690E00A3B18B /* Preview Assets.xcassets */ = {isa = PBXFileReference; lastKnownFileType = folder.assetcatalog; path = "Preview Assets.xcassets"; sourceTree = "<group>"; };
		C4E6416D2B48690E00A3B18B /* TsanyelaTests.xctest */ = {isa = PBXFileReference; explicitFileType = wrapper.cfbundle; includeInIndex = 0; path = TsanyelaTests.xctest; sourceTree = BUILT_PRODUCTS_DIR; };
		C4E641712B48690E00A3B18B /* TsanyelaTests.swift */ = {isa = PBXFileReference; lastKnownFileType = sourcecode.swift; path = TsanyelaTests.swift; sourceTree = "<group>"; };
		C4E641772B48690E00A3B18B /* TsanyelaUITests.xctest */ = {isa = PBXFileReference; explicitFileType = wrapper.cfbundle; includeInIndex = 0; path = TsanyelaUITests.xctest; sourceTree = BUILT_PRODUCTS_DIR; };
		C4E6417B2B48690E00A3B18B /* TsanyelaUITests.swift */ = {isa = PBXFileReference; lastKnownFileType = sourcecode.swift; path = TsanyelaUITests.swift; sourceTree = "<group>"; };
		C4E6417D2B48690E00A3B18B /* TsanyelaUITestsLaunchTests.swift */ = {isa = PBXFileReference; lastKnownFileType = sourcecode.swift; path = TsanyelaUITestsLaunchTests.swift; sourceTree = "<group>"; };
		C4E6418D2B486C7400A3B18B /* NavigationMenu.swift */ = {isa = PBXFileReference; lastKnownFileType = sourcecode.swift; path = NavigationMenu.swift; sourceTree = "<group>"; };
/* End PBXFileReference section */

/* Begin PBXFrameworksBuildPhase section */
		C4E6415A2B48690C00A3B18B /* Frameworks */ = {
			isa = PBXFrameworksBuildPhase;
			buildActionMask = 2147483647;
			files = (
			);
			runOnlyForDeploymentPostprocessing = 0;
		};
		C4E6416A2B48690E00A3B18B /* Frameworks */ = {
			isa = PBXFrameworksBuildPhase;
			buildActionMask = 2147483647;
			files = (
			);
			runOnlyForDeploymentPostprocessing = 0;
		};
		C4E641742B48690E00A3B18B /* Frameworks */ = {
			isa = PBXFrameworksBuildPhase;
			buildActionMask = 2147483647;
			files = (
			);
			runOnlyForDeploymentPostprocessing = 0;
		};
/* End PBXFrameworksBuildPhase section */

/* Begin PBXGroup section */
		C4ABE2E22B5069D800285DB8 /* Staff */ = {
			isa = PBXGroup;
			children = (
				C4ABE2E32B5069FA00285DB8 /* StaffView.swift */,
			);
			path = Staff;
			sourceTree = "<group>";
		};
		C4ABE2E52B506AFE00285DB8 /* Staff */ = {
			isa = PBXGroup;
			children = (
				C4ABE2E62B506B0E00285DB8 /* Staff.swift */,
			);
			path = Staff;
			sourceTree = "<group>";
		};
		C4C0D3692B4C834700C4FB7B /* Views */ = {
			isa = PBXGroup;
			children = (
				C4ABE2E22B5069D800285DB8 /* Staff */,
				C4C0D36A2B4C839900C4FB7B /* ProfileView.swift */,
				C4C0D36C2B4C84DA00C4FB7B /* ChoreListItemView.swift */,
				C4C0D36E2B4C856C00C4FB7B /* ChoreListItem.swift */,
				C4C0D3702B4C85B600C4FB7B /* DateView.swift */,
				C4ABE2E02B5068A200285DB8 /* ChoreListView.swift */,
			);
			path = Views;
			sourceTree = "<group>";
		};
		C4C0D3722B4C88E900C4FB7B /* Models */ = {
			isa = PBXGroup;
			children = (
				C4ABE2E52B506AFE00285DB8 /* Staff */,
				C4C0D3732B4C891400C4FB7B /* Chore.swift */,
				C4C0D3752B4C896D00C4FB7B /* ChoreItem.swift */,
			);
			path = Models;
			sourceTree = "<group>";
		};
		C4E641542B48690C00A3B18B = {
			isa = PBXGroup;
			children = (
				C4E6415F2B48690C00A3B18B /* Tsanyela */,
				C4E641702B48690E00A3B18B /* TsanyelaTests */,
				C4E6417A2B48690E00A3B18B /* TsanyelaUITests */,
				C4E6415E2B48690C00A3B18B /* Products */,
			);
			sourceTree = "<group>";
		};
		C4E6415E2B48690C00A3B18B /* Products */ = {
			isa = PBXGroup;
			children = (
				C4E6415D2B48690C00A3B18B /* Tsanyela.app */,
				C4E6416D2B48690E00A3B18B /* TsanyelaTests.xctest */,
				C4E641772B48690E00A3B18B /* TsanyelaUITests.xctest */,
			);
			name = Products;
			sourceTree = "<group>";
		};
		C4E6415F2B48690C00A3B18B /* Tsanyela */ = {
			isa = PBXGroup;
			children = (
				C4C0D3722B4C88E900C4FB7B /* Models */,
				C4C0D3692B4C834700C4FB7B /* Views */,
				C4E6418A2B486C0E00A3B18B /* Scenes */,
				C4E641602B48690C00A3B18B /* TsanyelaApp.swift */,
				C4E641622B48690C00A3B18B /* ContentView.swift */,
				C4E641642B48690E00A3B18B /* Assets.xcassets */,
				C4E641662B48690E00A3B18B /* Preview Content */,
			);
			path = Tsanyela;
			sourceTree = "<group>";
		};
		C4E641662B48690E00A3B18B /* Preview Content */ = {
			isa = PBXGroup;
			children = (
				C4E641672B48690E00A3B18B /* Preview Assets.xcassets */,
			);
			path = "Preview Content";
			sourceTree = "<group>";
		};
		C4E641702B48690E00A3B18B /* TsanyelaTests */ = {
			isa = PBXGroup;
			children = (
				C4E641712B48690E00A3B18B /* TsanyelaTests.swift */,
			);
			path = TsanyelaTests;
			sourceTree = "<group>";
		};
		C4E6417A2B48690E00A3B18B /* TsanyelaUITests */ = {
			isa = PBXGroup;
			children = (
				C4E6417B2B48690E00A3B18B /* TsanyelaUITests.swift */,
				C4E6417D2B48690E00A3B18B /* TsanyelaUITestsLaunchTests.swift */,
			);
			path = TsanyelaUITests;
			sourceTree = "<group>";
		};
		C4E6418A2B486C0E00A3B18B /* Scenes */ = {
			isa = PBXGroup;
			children = (
				C4E6418D2B486C7400A3B18B /* NavigationMenu.swift */,
			);
			path = Scenes;
			sourceTree = "<group>";
		};
/* End PBXGroup section */

/* Begin PBXNativeTarget section */
		C4E6415C2B48690C00A3B18B /* Tsanyela */ = {
			isa = PBXNativeTarget;
			buildConfigurationList = C4E641812B48690E00A3B18B /* Build configuration list for PBXNativeTarget "Tsanyela" */;
			buildPhases = (
				C4E641592B48690C00A3B18B /* Sources */,
				C4E6415A2B48690C00A3B18B /* Frameworks */,
				C4E6415B2B48690C00A3B18B /* Resources */,
			);
			buildRules = (
			);
			dependencies = (
			);
			name = Tsanyela;
			productName = Tsanyela;
			productReference = C4E6415D2B48690C00A3B18B /* Tsanyela.app */;
			productType = "com.apple.product-type.application";
		};
		C4E6416C2B48690E00A3B18B /* TsanyelaTests */ = {
			isa = PBXNativeTarget;
			buildConfigurationList = C4E641842B48690E00A3B18B /* Build configuration list for PBXNativeTarget "TsanyelaTests" */;
			buildPhases = (
				C4E641692B48690E00A3B18B /* Sources */,
				C4E6416A2B48690E00A3B18B /* Frameworks */,
				C4E6416B2B48690E00A3B18B /* Resources */,
			);
			buildRules = (
			);
			dependencies = (
				C4E6416F2B48690E00A3B18B /* PBXTargetDependency */,
			);
			name = TsanyelaTests;
			productName = TsanyelaTests;
			productReference = C4E6416D2B48690E00A3B18B /* TsanyelaTests.xctest */;
			productType = "com.apple.product-type.bundle.unit-test";
		};
		C4E641762B48690E00A3B18B /* TsanyelaUITests */ = {
			isa = PBXNativeTarget;
			buildConfigurationList = C4E641872B48690E00A3B18B /* Build configuration list for PBXNativeTarget "TsanyelaUITests" */;
			buildPhases = (
				C4E641732B48690E00A3B18B /* Sources */,
				C4E641742B48690E00A3B18B /* Frameworks */,
				C4E641752B48690E00A3B18B /* Resources */,
			);
			buildRules = (
			);
			dependencies = (
				C4E641792B48690E00A3B18B /* PBXTargetDependency */,
			);
			name = TsanyelaUITests;
			productName = TsanyelaUITests;
			productReference = C4E641772B48690E00A3B18B /* TsanyelaUITests.xctest */;
			productType = "com.apple.product-type.bundle.ui-testing";
		};
/* End PBXNativeTarget section */

/* Begin PBXProject section */
		C4E641552B48690C00A3B18B /* Project object */ = {
			isa = PBXProject;
			attributes = {
				BuildIndependentTargetsInParallel = 1;
				LastSwiftUpdateCheck = 1510;
				LastUpgradeCheck = 1510;
				TargetAttributes = {
					C4E6415C2B48690C00A3B18B = {
						CreatedOnToolsVersion = 15.1;
					};
					C4E6416C2B48690E00A3B18B = {
						CreatedOnToolsVersion = 15.1;
						TestTargetID = C4E6415C2B48690C00A3B18B;
					};
					C4E641762B48690E00A3B18B = {
						CreatedOnToolsVersion = 15.1;
						TestTargetID = C4E6415C2B48690C00A3B18B;
					};
				};
			};
			buildConfigurationList = C4E641582B48690C00A3B18B /* Build configuration list for PBXProject "Tsanyela" */;
			compatibilityVersion = "Xcode 14.0";
			developmentRegion = en;
			hasScannedForEncodings = 0;
			knownRegions = (
				en,
				Base,
			);
			mainGroup = C4E641542B48690C00A3B18B;
			productRefGroup = C4E6415E2B48690C00A3B18B /* Products */;
			projectDirPath = "";
			projectRoot = "";
			targets = (
				C4E6415C2B48690C00A3B18B /* Tsanyela */,
				C4E6416C2B48690E00A3B18B /* TsanyelaTests */,
				C4E641762B48690E00A3B18B /* TsanyelaUITests */,
			);
		};
/* End PBXProject section */

/* Begin PBXResourcesBuildPhase section */
		C4E6415B2B48690C00A3B18B /* Resources */ = {
			isa = PBXResourcesBuildPhase;
			buildActionMask = 2147483647;
			files = (
				C4E641682B48690E00A3B18B /* Preview Assets.xcassets in Resources */,
				C4E641652B48690E00A3B18B /* Assets.xcassets in Resources */,
			);
			runOnlyForDeploymentPostprocessing = 0;
		};
		C4E6416B2B48690E00A3B18B /* Resources */ = {
			isa = PBXResourcesBuildPhase;
			buildActionMask = 2147483647;
			files = (
			);
			runOnlyForDeploymentPostprocessing = 0;
		};
		C4E641752B48690E00A3B18B /* Resources */ = {
			isa = PBXResourcesBuildPhase;
			buildActionMask = 2147483647;
			files = (
			);
			runOnlyForDeploymentPostprocessing = 0;
		};
/* End PBXResourcesBuildPhase section */

/* Begin PBXSourcesBuildPhase section */
		C4E641592B48690C00A3B18B /* Sources */ = {
			isa = PBXSourcesBuildPhase;
			buildActionMask = 2147483647;
			files = (
				C4ABE2E12B5068A200285DB8 /* ChoreListView.swift in Sources */,
				C4C0D36D2B4C84DB00C4FB7B /* ChoreListItemView.swift in Sources */,
				C4C0D36B2B4C839900C4FB7B /* ProfileView.swift in Sources */,
				C4C0D3712B4C85B600C4FB7B /* DateView.swift in Sources */,
				C4C0D36F2B4C856C00C4FB7B /* ChoreListItem.swift in Sources */,
				C4E641632B48690C00A3B18B /* ContentView.swift in Sources */,
				C4ABE2E72B506B0E00285DB8 /* Staff.swift in Sources */,
				C4E6418E2B486C7400A3B18B /* NavigationMenu.swift in Sources */,
				C4E641612B48690C00A3B18B /* TsanyelaApp.swift in Sources */,
				C4ABE2E42B5069FA00285DB8 /* StaffView.swift in Sources */,
				C4C0D3742B4C891400C4FB7B /* Chore.swift in Sources */,
				C4C0D3762B4C896D00C4FB7B /* ChoreItem.swift in Sources */,
			);
			runOnlyForDeploymentPostprocessing = 0;
		};
		C4E641692B48690E00A3B18B /* Sources */ = {
			isa = PBXSourcesBuildPhase;
			buildActionMask = 2147483647;
			files = (
				C4E641722B48690E00A3B18B /* TsanyelaTests.swift in Sources */,
			);
			runOnlyForDeploymentPostprocessing = 0;
		};
		C4E641732B48690E00A3B18B /* Sources */ = {
			isa = PBXSourcesBuildPhase;
			buildActionMask = 2147483647;
			files = (
				C4E6417E2B48690E00A3B18B /* TsanyelaUITestsLaunchTests.swift in Sources */,
				C4E6417C2B48690E00A3B18B /* TsanyelaUITests.swift in Sources */,
			);
			runOnlyForDeploymentPostprocessing = 0;
		};
/* End PBXSourcesBuildPhase section */

/* Begin PBXTargetDependency section */
		C4E6416F2B48690E00A3B18B /* PBXTargetDependency */ = {
			isa = PBXTargetDependency;
			target = C4E6415C2B48690C00A3B18B /* Tsanyela */;
			targetProxy = C4E6416E2B48690E00A3B18B /* PBXContainerItemProxy */;
		};
		C4E641792B48690E00A3B18B /* PBXTargetDependency */ = {
			isa = PBXTargetDependency;
			target = C4E6415C2B48690C00A3B18B /* Tsanyela */;
			targetProxy = C4E641782B48690E00A3B18B /* PBXContainerItemProxy */;
		};
/* End PBXTargetDependency section */

/* Begin XCBuildConfiguration section */
		C4E6417F2B48690E00A3B18B /* Debug */ = {
			isa = XCBuildConfiguration;
			buildSettings = {
				ALWAYS_SEARCH_USER_PATHS = NO;
				ASSETCATALOG_COMPILER_GENERATE_SWIFT_ASSET_SYMBOL_EXTENSIONS = YES;
				CLANG_ANALYZER_NONNULL = YES;
				CLANG_ANALYZER_NUMBER_OBJECT_CONVERSION = YES_AGGRESSIVE;
				CLANG_CXX_LANGUAGE_STANDARD = "gnu++20";
				CLANG_ENABLE_MODULES = YES;
				CLANG_ENABLE_OBJC_ARC = YES;
				CLANG_ENABLE_OBJC_WEAK = YES;
				CLANG_WARN_BLOCK_CAPTURE_AUTORELEASING = YES;
				CLANG_WARN_BOOL_CONVERSION = YES;
				CLANG_WARN_COMMA = YES;
				CLANG_WARN_CONSTANT_CONVERSION = YES;
				CLANG_WARN_DEPRECATED_OBJC_IMPLEMENTATIONS = YES;
				CLANG_WARN_DIRECT_OBJC_ISA_USAGE = YES_ERROR;
				CLANG_WARN_DOCUMENTATION_COMMENTS = YES;
				CLANG_WARN_EMPTY_BODY = YES;
				CLANG_WARN_ENUM_CONVERSION = YES;
				CLANG_WARN_INFINITE_RECURSION = YES;
				CLANG_WARN_INT_CONVERSION = YES;
				CLANG_WARN_NON_LITERAL_NULL_CONVERSION = YES;
				CLANG_WARN_OBJC_IMPLICIT_RETAIN_SELF = YES;
				CLANG_WARN_OBJC_LITERAL_CONVERSION = YES;
				CLANG_WARN_OBJC_ROOT_CLASS = YES_ERROR;
				CLANG_WARN_QUOTED_INCLUDE_IN_FRAMEWORK_HEADER = YES;
				CLANG_WARN_RANGE_LOOP_ANALYSIS = YES;
				CLANG_WARN_STRICT_PROTOTYPES = YES;
				CLANG_WARN_SUSPICIOUS_MOVE = YES;
				CLANG_WARN_UNGUARDED_AVAILABILITY = YES_AGGRESSIVE;
				CLANG_WARN_UNREACHABLE_CODE = YES;
				CLANG_WARN__DUPLICATE_METHOD_MATCH = YES;
				COPY_PHASE_STRIP = NO;
				DEBUG_INFORMATION_FORMAT = dwarf;
				ENABLE_STRICT_OBJC_MSGSEND = YES;
				ENABLE_TESTABILITY = YES;
				ENABLE_USER_SCRIPT_SANDBOXING = YES;
				GCC_C_LANGUAGE_STANDARD = gnu17;
				GCC_DYNAMIC_NO_PIC = NO;
				GCC_NO_COMMON_BLOCKS = YES;
				GCC_OPTIMIZATION_LEVEL = 0;
				GCC_PREPROCESSOR_DEFINITIONS = (
					"DEBUG=1",
					"$(inherited)",
				);
				GCC_WARN_64_TO_32_BIT_CONVERSION = YES;
				GCC_WARN_ABOUT_RETURN_TYPE = YES_ERROR;
				GCC_WARN_UNDECLARED_SELECTOR = YES;
				GCC_WARN_UNINITIALIZED_AUTOS = YES_AGGRESSIVE;
				GCC_WARN_UNUSED_FUNCTION = YES;
				GCC_WARN_UNUSED_VARIABLE = YES;
				IPHONEOS_DEPLOYMENT_TARGET = 17.2;
				LOCALIZATION_PREFERS_STRING_CATALOGS = YES;
				MTL_ENABLE_DEBUG_INFO = INCLUDE_SOURCE;
				MTL_FAST_MATH = YES;
				ONLY_ACTIVE_ARCH = YES;
				SDKROOT = iphoneos;
				SWIFT_ACTIVE_COMPILATION_CONDITIONS = "DEBUG $(inherited)";
				SWIFT_OPTIMIZATION_LEVEL = "-Onone";
			};
			name = Debug;
		};
		C4E641802B48690E00A3B18B /* Release */ = {
			isa = XCBuildConfiguration;
			buildSettings = {
				ALWAYS_SEARCH_USER_PATHS = NO;
				ASSETCATALOG_COMPILER_GENERATE_SWIFT_ASSET_SYMBOL_EXTENSIONS = YES;
				CLANG_ANALYZER_NONNULL = YES;
				CLANG_ANALYZER_NUMBER_OBJECT_CONVERSION = YES_AGGRESSIVE;
				CLANG_CXX_LANGUAGE_STANDARD = "gnu++20";
				CLANG_ENABLE_MODULES = YES;
				CLANG_ENABLE_OBJC_ARC = YES;
				CLANG_ENABLE_OBJC_WEAK = YES;
				CLANG_WARN_BLOCK_CAPTURE_AUTORELEASING = YES;
				CLANG_WARN_BOOL_CONVERSION = YES;
				CLANG_WARN_COMMA = YES;
				CLANG_WARN_CONSTANT_CONVERSION = YES;
				CLANG_WARN_DEPRECATED_OBJC_IMPLEMENTATIONS = YES;
				CLANG_WARN_DIRECT_OBJC_ISA_USAGE = YES_ERROR;
				CLANG_WARN_DOCUMENTATION_COMMENTS = YES;
				CLANG_WARN_EMPTY_BODY = YES;
				CLANG_WARN_ENUM_CONVERSION = YES;
				CLANG_WARN_INFINITE_RECURSION = YES;
				CLANG_WARN_INT_CONVERSION = YES;
				CLANG_WARN_NON_LITERAL_NULL_CONVERSION = YES;
				CLANG_WARN_OBJC_IMPLICIT_RETAIN_SELF = YES;
				CLANG_WARN_OBJC_LITERAL_CONVERSION = YES;
				CLANG_WARN_OBJC_ROOT_CLASS = YES_ERROR;
				CLANG_WARN_QUOTED_INCLUDE_IN_FRAMEWORK_HEADER = YES;
				CLANG_WARN_RANGE_LOOP_ANALYSIS = YES;
				CLANG_WARN_STRICT_PROTOTYPES = YES;
				CLANG_WARN_SUSPICIOUS_MOVE = YES;
				CLANG_WARN_UNGUARDED_AVAILABILITY = YES_AGGRESSIVE;
				CLANG_WARN_UNREACHABLE_CODE = YES;
				CLANG_WARN__DUPLICATE_METHOD_MATCH = YES;
				COPY_PHASE_STRIP = NO;
				DEBUG_INFORMATION_FORMAT = "dwarf-with-dsym";
				ENABLE_NS_ASSERTIONS = NO;
				ENABLE_STRICT_OBJC_MSGSEND = YES;
				ENABLE_USER_SCRIPT_SANDBOXING = YES;
				GCC_C_LANGUAGE_STANDARD = gnu17;
				GCC_NO_COMMON_BLOCKS = YES;
				GCC_WARN_64_TO_32_BIT_CONVERSION = YES;
				GCC_WARN_ABOUT_RETURN_TYPE = YES_ERROR;
				GCC_WARN_UNDECLARED_SELECTOR = YES;
				GCC_WARN_UNINITIALIZED_AUTOS = YES_AGGRESSIVE;
				GCC_WARN_UNUSED_FUNCTION = YES;
				GCC_WARN_UNUSED_VARIABLE = YES;
				IPHONEOS_DEPLOYMENT_TARGET = 17.2;
				LOCALIZATION_PREFERS_STRING_CATALOGS = YES;
				MTL_ENABLE_DEBUG_INFO = NO;
				MTL_FAST_MATH = YES;
				SDKROOT = iphoneos;
				SWIFT_COMPILATION_MODE = wholemodule;
				VALIDATE_PRODUCT = YES;
			};
			name = Release;
		};
		C4E641822B48690E00A3B18B /* Debug */ = {
			isa = XCBuildConfiguration;
			buildSettings = {
				ASSETCATALOG_COMPILER_APPICON_NAME = AppIcon;
				ASSETCATALOG_COMPILER_GLOBAL_ACCENT_COLOR_NAME = AccentColor;
				CODE_SIGN_STYLE = Automatic;
				CURRENT_PROJECT_VERSION = 1;
				DEVELOPMENT_ASSET_PATHS = "\"Tsanyela/Preview Content\"";
				ENABLE_PREVIEWS = YES;
				GENERATE_INFOPLIST_FILE = YES;
				INFOPLIST_KEY_UIApplicationSceneManifest_Generation = YES;
				INFOPLIST_KEY_UIApplicationSupportsIndirectInputEvents = YES;
				INFOPLIST_KEY_UILaunchScreen_Generation = YES;
				INFOPLIST_KEY_UISupportedInterfaceOrientations_iPad = "UIInterfaceOrientationPortrait UIInterfaceOrientationPortraitUpsideDown UIInterfaceOrientationLandscapeLeft UIInterfaceOrientationLandscapeRight";
				INFOPLIST_KEY_UISupportedInterfaceOrientations_iPhone = "UIInterfaceOrientationPortrait UIInterfaceOrientationLandscapeLeft UIInterfaceOrientationLandscapeRight";
				LD_RUNPATH_SEARCH_PATHS = (
					"$(inherited)",
					"@executable_path/Frameworks",
				);
				MARKETING_VERSION = 1.0;
				PRODUCT_BUNDLE_IDENTIFIER = za.co.fikasentech.Tsanyela;
				PRODUCT_NAME = "$(TARGET_NAME)";
				SWIFT_EMIT_LOC_STRINGS = YES;
				SWIFT_VERSION = 5.0;
				TARGETED_DEVICE_FAMILY = "1,2";
			};
			name = Debug;
		};
		C4E641832B48690E00A3B18B /* Release */ = {
			isa = XCBuildConfiguration;
			buildSettings = {
				ASSETCATALOG_COMPILER_APPICON_NAME = AppIcon;
				ASSETCATALOG_COMPILER_GLOBAL_ACCENT_COLOR_NAME = AccentColor;
				CODE_SIGN_STYLE = Automatic;
				CURRENT_PROJECT_VERSION = 1;
				DEVELOPMENT_ASSET_PATHS = "\"Tsanyela/Preview Content\"";
				ENABLE_PREVIEWS = YES;
				GENERATE_INFOPLIST_FILE = YES;
				INFOPLIST_KEY_UIApplicationSceneManifest_Generation = YES;
				INFOPLIST_KEY_UIApplicationSupportsIndirectInputEvents = YES;
				INFOPLIST_KEY_UILaunchScreen_Generation = YES;
				INFOPLIST_KEY_UISupportedInterfaceOrientations_iPad = "UIInterfaceOrientationPortrait UIInterfaceOrientationPortraitUpsideDown UIInterfaceOrientationLandscapeLeft UIInterfaceOrientationLandscapeRight";
				INFOPLIST_KEY_UISupportedInterfaceOrientations_iPhone = "UIInterfaceOrientationPortrait UIInterfaceOrientationLandscapeLeft UIInterfaceOrientationLandscapeRight";
				LD_RUNPATH_SEARCH_PATHS = (
					"$(inherited)",
					"@executable_path/Frameworks",
				);
				MARKETING_VERSION = 1.0;
				PRODUCT_BUNDLE_IDENTIFIER = za.co.fikasentech.Tsanyela;
				PRODUCT_NAME = "$(TARGET_NAME)";
				SWIFT_EMIT_LOC_STRINGS = YES;
				SWIFT_VERSION = 5.0;
				TARGETED_DEVICE_FAMILY = "1,2";
			};
			name = Release;
		};
		C4E641852B48690E00A3B18B /* Debug */ = {
			isa = XCBuildConfiguration;
			buildSettings = {
				ALWAYS_EMBED_SWIFT_STANDARD_LIBRARIES = YES;
				BUNDLE_LOADER = "$(TEST_HOST)";
				CODE_SIGN_STYLE = Automatic;
				CURRENT_PROJECT_VERSION = 1;
				GENERATE_INFOPLIST_FILE = YES;
				IPHONEOS_DEPLOYMENT_TARGET = 17.2;
				MARKETING_VERSION = 1.0;
				PRODUCT_BUNDLE_IDENTIFIER = za.co.fikasentech.TsanyelaTests;
				PRODUCT_NAME = "$(TARGET_NAME)";
				SWIFT_EMIT_LOC_STRINGS = NO;
				SWIFT_VERSION = 5.0;
				TARGETED_DEVICE_FAMILY = "1,2";
				TEST_HOST = "$(BUILT_PRODUCTS_DIR)/Tsanyela.app/$(BUNDLE_EXECUTABLE_FOLDER_PATH)/Tsanyela";
			};
			name = Debug;
		};
		C4E641862B48690E00A3B18B /* Release */ = {
			isa = XCBuildConfiguration;
			buildSettings = {
				ALWAYS_EMBED_SWIFT_STANDARD_LIBRARIES = YES;
				BUNDLE_LOADER = "$(TEST_HOST)";
				CODE_SIGN_STYLE = Automatic;
				CURRENT_PROJECT_VERSION = 1;
				GENERATE_INFOPLIST_FILE = YES;
				IPHONEOS_DEPLOYMENT_TARGET = 17.2;
				MARKETING_VERSION = 1.0;
				PRODUCT_BUNDLE_IDENTIFIER = za.co.fikasentech.TsanyelaTests;
				PRODUCT_NAME = "$(TARGET_NAME)";
				SWIFT_EMIT_LOC_STRINGS = NO;
				SWIFT_VERSION = 5.0;
				TARGETED_DEVICE_FAMILY = "1,2";
				TEST_HOST = "$(BUILT_PRODUCTS_DIR)/Tsanyela.app/$(BUNDLE_EXECUTABLE_FOLDER_PATH)/Tsanyela";
			};
			name = Release;
		};
		C4E641882B48690E00A3B18B /* Debug */ = {
			isa = XCBuildConfiguration;
			buildSettings = {
				ALWAYS_EMBED_SWIFT_STANDARD_LIBRARIES = YES;
				CODE_SIGN_STYLE = Automatic;
				CURRENT_PROJECT_VERSION = 1;
				GENERATE_INFOPLIST_FILE = YES;
				MARKETING_VERSION = 1.0;
				PRODUCT_BUNDLE_IDENTIFIER = za.co.fikasentech.TsanyelaUITests;
				PRODUCT_NAME = "$(TARGET_NAME)";
				SWIFT_EMIT_LOC_STRINGS = NO;
				SWIFT_VERSION = 5.0;
				TARGETED_DEVICE_FAMILY = "1,2";
				TEST_TARGET_NAME = Tsanyela;
			};
			name = Debug;
		};
		C4E641892B48690E00A3B18B /* Release */ = {
			isa = XCBuildConfiguration;
			buildSettings = {
				ALWAYS_EMBED_SWIFT_STANDARD_LIBRARIES = YES;
				CODE_SIGN_STYLE = Automatic;
				CURRENT_PROJECT_VERSION = 1;
				GENERATE_INFOPLIST_FILE = YES;
				MARKETING_VERSION = 1.0;
				PRODUCT_BUNDLE_IDENTIFIER = za.co.fikasentech.TsanyelaUITests;
				PRODUCT_NAME = "$(TARGET_NAME)";
				SWIFT_EMIT_LOC_STRINGS = NO;
				SWIFT_VERSION = 5.0;
				TARGETED_DEVICE_FAMILY = "1,2";
				TEST_TARGET_NAME = Tsanyela;
			};
			name = Release;
		};
/* End XCBuildConfiguration section */

/* Begin XCConfigurationList section */
		C4E641582B48690C00A3B18B /* Build configuration list for PBXProject "Tsanyela" */ = {
			isa = XCConfigurationList;
			buildConfigurations = (
				C4E6417F2B48690E00A3B18B /* Debug */,
				C4E641802B48690E00A3B18B /* Release */,
			);
			defaultConfigurationIsVisible = 0;
			defaultConfigurationName = Release;
		};
		C4E641812B48690E00A3B18B /* Build configuration list for PBXNativeTarget "Tsanyela" */ = {
			isa = XCConfigurationList;
			buildConfigurations = (
				C4E641822B48690E00A3B18B /* Debug */,
				C4E641832B48690E00A3B18B /* Release */,
			);
			defaultConfigurationIsVisible = 0;
			defaultConfigurationName = Release;
		};
		C4E641842B48690E00A3B18B /* Build configuration list for PBXNativeTarget "TsanyelaTests" */ = {
			isa = XCConfigurationList;
			buildConfigurations = (
				C4E641852B48690E00A3B18B /* Debug */,
				C4E641862B48690E00A3B18B /* Release */,
			);
			defaultConfigurationIsVisible = 0;
			defaultConfigurationName = Release;
		};
		C4E641872B48690E00A3B18B /* Build configuration list for PBXNativeTarget "TsanyelaUITests" */ = {
			isa = XCConfigurationList;
			buildConfigurations = (
				C4E641882B48690E00A3B18B /* Debug */,
				C4E641892B48690E00A3B18B /* Release */,
			);
			defaultConfigurationIsVisible = 0;
			defaultConfigurationName = Release;
		};
/* End XCConfigurationList section */
	};
	rootObject = C4E641552B48690C00A3B18B /* Project object */;
}
